Microsoft Visual Studio Solution File, Format Version 12.00
# Visual Studio Version 17
VisualStudioVersion = 17.5.2.0
MinimumVisualStudioVersion = 10.0.40219.1
Project("{2150E333-8FDC-42A3-9474-1A3956D46DE8}") = "Exercises", "Exercises", "{72EF5EB1-B308-CD20-4E1B-89C2486FD9E1}"
EndProject
Project("{FAE04EC0-301F-11D3-BF4B-00C04F79EFBC}") = "Basic_Exercises", "Exercises\Basic_Exercises\Basic_Exercises.csproj", "{8788DDA3-612E-7C4C-4790-838A3AA1D299}"
EndProject
Global
	GlobalSection(SolutionConfigurationPlatforms) = preSolution
		Debug|Any CPU = Debug|Any CPU
		Release|Any CPU = Release|Any CPU
	EndGlobalSection
	GlobalSection(ProjectConfigurationPlatforms) = postSolution
		{8788DDA3-612E-7C4C-4790-838A3AA1D299}.Debug|Any CPU.ActiveCfg = Debug|Any CPU
		{8788DDA3-612E-7C4C-4790-838A3AA1D299}.Debug|Any CPU.Build.0 = Debug|Any CPU
		{8788DDA3-612E-7C4C-4790-838A3AA1D299}.Release|Any CPU.ActiveCfg = Release|Any CPU
		{8788DDA3-612E-7C4C-4790-838A3AA1D299}.Release|Any CPU.Build.0 = Release|Any CPU
	EndGlobalSection
	GlobalSection(SolutionProperties) = preSolution
		HideSolutionNode = FALSE
	EndGlobalSection
	GlobalSection(NestedProjects) = preSolution
		{8788DDA3-612E-7C4C-4790-838A3AA1D299} = {72EF5EB1-B308-CD20-4E1B-89C2486FD9E1}
	EndGlobalSection
	GlobalSection(ExtensibilityGlobals) = postSolution
		SolutionGuid = {68B9CECF-8956-4F30-AD6B-4C766A535A74}
	EndGlobalSection
EndGlobal
